
Microsoft Visual Studio Solution File, Format Version 12.00
# Visual Studio Version 16
VisualStudioVersion = 16.0.31613.86
MinimumVisualStudioVersion = 10.0.40219.1
Project("{FAE04EC0-301F-11D3-BF4B-00C04F79EFBC}") = "MyDictionary", "MyDictionary\MyDictionary.csproj", "{72E6F06B-C642-4601-A1CA-3C83CE8A1718}"
EndProject
Global
	GlobalSection(SolutionConfigurationPlatforms) = preSolution
		Debug|Any CPU = Debug|Any CPU
		Release|Any CPU = Release|Any CPU
	EndGlobalSection
	GlobalSection(ProjectConfigurationPlatforms) = postSolution
		{72E6F06B-C642-4601-A1CA-3C83CE8A1718}.Debug|Any CPU.ActiveCfg = Debug|Any CPU
		{72E6F06B-C642-4601-A1CA-3C83CE8A1718}.Debug|Any CPU.Build.0 = Debug|Any CPU
		{72E6F06B-C642-4601-A1CA-3C83CE8A1718}.Release|Any CPU.ActiveCfg = Release|Any CPU
		{72E6F06B-C642-4601-A1CA-3C83CE8A1718}.Release|Any CPU.Build.0 = Release|Any CPU
	EndGlobalSection
	GlobalSection(SolutionProperties) = preSolution
		HideSolutionNode = FALSE
	EndGlobalSection
	GlobalSection(ExtensibilityGlobals) = postSolution
		SolutionGuid = {B1061400-F22D-4166-971E-27DAE77F9521}
	EndGlobalSection
EndGlobal
